{
  "name": "res-pareto-diff",
  "version": "0.3.0",
  "lockfileVersion": 2,
  "requires": true,
  "packages": {
    "": {
      "name": "res-pareto-diff",
      "version": "0.3.0",
      "license": "ISC",
      "dependencies": {
        "api-pareto-diff": "^0.2.0",
        "diff": "^5.1.0",
        "pareto-core-lib": "^0.4.0",
        "pareto-core-raw": "^0.1.0"
      },
      "devDependencies": {
        "@types/diff": "^5.0.2"
      }
    },
    "node_modules/@types/diff": {
      "version": "5.0.2",
      "resolved": "https://registry.npmjs.org/@types/diff/-/diff-5.0.2.tgz",
      "integrity": "sha512-uw8eYMIReOwstQ0QKF0sICefSy8cNO/v7gOTiIy9SbwuHyEecJUm7qlgueOO5S1udZ5I/irVydHVwMchgzbKTg==",
      "dev": true
    },
    "node_modules/api-pareto-diff": {
      "version": "0.2.0",
      "resolved": "https://registry.npmjs.org/api-pareto-diff/-/api-pareto-diff-0.2.0.tgz",
      "integrity": "sha512-NRxjsLNQCoF2o8j36j6jywvS3ATAZvB7+Qe3QAzlktJn8buq+cmZyHHxwP/qDqGOdEw2pj1XD0XXSdsRrtxaWg==",
      "dependencies": {
        "pareto-core-types": "^0.1.0"
      }
    },
    "node_modules/diff": {
      "version": "5.1.0",
      "resolved": "https://registry.npmjs.org/diff/-/diff-5.1.0.tgz",
      "integrity": "sha512-D+mk+qE8VC/PAUrlAU34N+VfXev0ghe5ywmpqrawphmVZc1bEfn56uo9qpyGp1p4xpzOHkSW4ztBd6L7Xx4ACw==",
      "engines": {
        "node": ">=0.3.1"
      }
    },
    "node_modules/pareto-core-lib": {
      "version": "0.4.0",
      "resolved": "https://registry.npmjs.org/pareto-core-lib/-/pareto-core-lib-0.4.0.tgz",
      "integrity": "sha512-Ccv3lw+9sxDTrTSgnQrJDFqmjfpBPfbFJoXm60cR4BUijibVXmQr9oubv+JlhKJUEGDokDC4UX+Upf/v5mifvA==",
      "dependencies": {
        "pareto-core-raw": "^0.1.0",
        "pareto-core-types": "^0.1.0"
      }
    },
    "node_modules/pareto-core-raw": {
      "version": "0.1.0",
      "resolved": "https://registry.npmjs.org/pareto-core-raw/-/pareto-core-raw-0.1.0.tgz",
      "integrity": "sha512-yrwHL670i9jIkZzKXpSTecAkP1EX2The09izuSxRcaALP782WqTg+DOrVZSaUw/zWVwVjElGTynlFL7yThnJyA==",
      "dependencies": {
        "pareto-core-types": "^0.1.0"
      }
    },
    "node_modules/pareto-core-types": {
      "version": "0.1.0",
      "resolved": "https://registry.npmjs.org/pareto-core-types/-/pareto-core-types-0.1.0.tgz",
      "integrity": "sha512-0HzkufJz11Lus9Kt1AS5+ihBMjyJvpmw2/lQHOYhhIv8WwrTBpIsYJusEzrlnq2+wWAoK46giQeHFky2YQAnaw=="
    }
  },
  "dependencies": {
    "@types/diff": {
      "version": "5.0.2",
      "resolved": "https://registry.npmjs.org/@types/diff/-/diff-5.0.2.tgz",
      "integrity": "sha512-uw8eYMIReOwstQ0QKF0sICefSy8cNO/v7gOTiIy9SbwuHyEecJUm7qlgueOO5S1udZ5I/irVydHVwMchgzbKTg==",
      "dev": true
    },
    "api-pareto-diff": {
      "version": "0.2.0",
      "resolved": "https://registry.npmjs.org/api-pareto-diff/-/api-pareto-diff-0.2.0.tgz",
      "integrity": "sha512-NRxjsLNQCoF2o8j36j6jywvS3ATAZvB7+Qe3QAzlktJn8buq+cmZyHHxwP/qDqGOdEw2pj1XD0XXSdsRrtxaWg==",
      "requires": {
        "pareto-core-types": "^0.1.0"
      }
    },
    "diff": {
      "version": "5.1.0",
      "resolved": "https://registry.npmjs.org/diff/-/diff-5.1.0.tgz",
      "integrity": "sha512-D+mk+qE8VC/PAUrlAU34N+VfXev0ghe5ywmpqrawphmVZc1bEfn56uo9qpyGp1p4xpzOHkSW4ztBd6L7Xx4ACw=="
    },
    "pareto-core-lib": {
      "version": "0.4.0",
      "resolved": "https://registry.npmjs.org/pareto-core-lib/-/pareto-core-lib-0.4.0.tgz",
      "integrity": "sha512-Ccv3lw+9sxDTrTSgnQrJDFqmjfpBPfbFJoXm60cR4BUijibVXmQr9oubv+JlhKJUEGDokDC4UX+Upf/v5mifvA==",
      "requires": {
        "pareto-core-raw": "^0.1.0",
        "pareto-core-types": "^0.1.0"
      }
    },
    "pareto-core-raw": {
      "version": "0.1.0",
      "resolved": "https://registry.npmjs.org/pareto-core-raw/-/pareto-core-raw-0.1.0.tgz",
      "integrity": "sha512-yrwHL670i9jIkZzKXpSTecAkP1EX2The09izuSxRcaALP782WqTg+DOrVZSaUw/zWVwVjElGTynlFL7yThnJyA==",
      "requires": {
        "pareto-core-types": "^0.1.0"
      }
    },
    "pareto-core-types": {
      "version": "0.1.0",
      "resolved": "https://registry.npmjs.org/pareto-core-types/-/pareto-core-types-0.1.0.tgz",
      "integrity": "sha512-0HzkufJz11Lus9Kt1AS5+ihBMjyJvpmw2/lQHOYhhIv8WwrTBpIsYJusEzrlnq2+wWAoK46giQeHFky2YQAnaw=="
    }
  }
}
