{
  "name": "res-pareto-diff",
  "version": "0.7.0",
  "lockfileVersion": 2,
  "requires": true,
  "packages": {
    "": {
      "name": "res-pareto-diff",
      "version": "0.7.0",
      "license": "ISC",
      "dependencies": {
        "api-pareto-diff": "^0.3.0",
        "diff": "^5.1.0",
        "pareto-core-lib": "^0.7.0",
        "pareto-core-raw": "^0.2.0"
      },
      "devDependencies": {
        "@types/diff": "^5.0.2"
      }
    },
    "node_modules/@types/diff": {
      "version": "5.0.2",
      "resolved": "https://registry.npmjs.org/@types/diff/-/diff-5.0.2.tgz",
      "integrity": "sha512-uw8eYMIReOwstQ0QKF0sICefSy8cNO/v7gOTiIy9SbwuHyEecJUm7qlgueOO5S1udZ5I/irVydHVwMchgzbKTg==",
      "dev": true
    },
    "node_modules/api-pareto-diff": {
      "version": "0.3.0",
      "resolved": "https://registry.npmjs.org/api-pareto-diff/-/api-pareto-diff-0.3.0.tgz",
      "integrity": "sha512-VTPhwPzDbbMvtU7gXZmmcQFZ9zgVLAZ+rLKASHz38AL+ARqjJ/rDNMlSRn0m0GA3BvIrAexFFyFTp/a9gJK2bg==",
      "dependencies": {
        "pareto-core-types": "^0.2.0"
      }
    },
    "node_modules/diff": {
      "version": "5.1.0",
      "resolved": "https://registry.npmjs.org/diff/-/diff-5.1.0.tgz",
      "integrity": "sha512-D+mk+qE8VC/PAUrlAU34N+VfXev0ghe5ywmpqrawphmVZc1bEfn56uo9qpyGp1p4xpzOHkSW4ztBd6L7Xx4ACw==",
      "engines": {
        "node": ">=0.3.1"
      }
    },
    "node_modules/pareto-core-internals": {
      "version": "0.2.0",
      "resolved": "https://registry.npmjs.org/pareto-core-internals/-/pareto-core-internals-0.2.0.tgz",
      "integrity": "sha512-pMiM+P1IZGSL5ZguzVZVK6UB6s0aL3AEcBc4mxb6gOGEROMi/TcgNiMHwpIzbQ9KbNVjqXRlal9NUVJHkQPrQw==",
      "dependencies": {
        "pareto-core-types": "^0.2.0"
      }
    },
    "node_modules/pareto-core-lib": {
      "version": "0.7.0",
      "resolved": "https://registry.npmjs.org/pareto-core-lib/-/pareto-core-lib-0.7.0.tgz",
      "integrity": "sha512-IIdjd5B0ebtKC0P09ART4eqVgCFaFiO3KRrZUD0SV8LGwH1iEIz/9d46W3rHSsE1pykK3tU4Gh9Unz4rI4cplg==",
      "dependencies": {
        "pareto-core-internals": "^0.2.0"
      }
    },
    "node_modules/pareto-core-raw": {
      "version": "0.2.0",
      "resolved": "https://registry.npmjs.org/pareto-core-raw/-/pareto-core-raw-0.2.0.tgz",
      "integrity": "sha512-wRqlCN2rRxYx9WRv2jMFX85iJj1A5Nr/7cs9cdlId0TBC9ZlFzKoJzki7cI/ov/flowjTKOWZ2Q2jcHqVeqYUw==",
      "dependencies": {
        "pareto-core-internals": "^0.1.0",
        "pareto-core-types": "^0.2.0"
      }
    },
    "node_modules/pareto-core-raw/node_modules/pareto-core-internals": {
      "version": "0.1.0",
      "resolved": "https://registry.npmjs.org/pareto-core-internals/-/pareto-core-internals-0.1.0.tgz",
      "integrity": "sha512-FG4tY7yxtzHer0Y0RlHT20UpdGWabH2zhEF3J80SolAOgHaiVtxHi7rLyDVu4883rd0CyAGEjF7yv5VSDfl12A==",
      "dependencies": {
        "pareto-core-types": "^0.2.0"
      }
    },
    "node_modules/pareto-core-types": {
      "version": "0.2.0",
      "resolved": "https://registry.npmjs.org/pareto-core-types/-/pareto-core-types-0.2.0.tgz",
      "integrity": "sha512-XopY0slTv5wAObZu0nOSsz6O86K/peQhVu+bqIBMJRKiewjawmIOqa9e8JHlFyXdMHxa0Ek4zDThWQVkiBCsKQ=="
    }
  },
  "dependencies": {
    "@types/diff": {
      "version": "5.0.2",
      "resolved": "https://registry.npmjs.org/@types/diff/-/diff-5.0.2.tgz",
      "integrity": "sha512-uw8eYMIReOwstQ0QKF0sICefSy8cNO/v7gOTiIy9SbwuHyEecJUm7qlgueOO5S1udZ5I/irVydHVwMchgzbKTg==",
      "dev": true
    },
    "api-pareto-diff": {
      "version": "0.3.0",
      "resolved": "https://registry.npmjs.org/api-pareto-diff/-/api-pareto-diff-0.3.0.tgz",
      "integrity": "sha512-VTPhwPzDbbMvtU7gXZmmcQFZ9zgVLAZ+rLKASHz38AL+ARqjJ/rDNMlSRn0m0GA3BvIrAexFFyFTp/a9gJK2bg==",
      "requires": {
        "pareto-core-types": "^0.2.0"
      }
    },
    "diff": {
      "version": "5.1.0",
      "resolved": "https://registry.npmjs.org/diff/-/diff-5.1.0.tgz",
      "integrity": "sha512-D+mk+qE8VC/PAUrlAU34N+VfXev0ghe5ywmpqrawphmVZc1bEfn56uo9qpyGp1p4xpzOHkSW4ztBd6L7Xx4ACw=="
    },
    "pareto-core-internals": {
      "version": "0.2.0",
      "resolved": "https://registry.npmjs.org/pareto-core-internals/-/pareto-core-internals-0.2.0.tgz",
      "integrity": "sha512-pMiM+P1IZGSL5ZguzVZVK6UB6s0aL3AEcBc4mxb6gOGEROMi/TcgNiMHwpIzbQ9KbNVjqXRlal9NUVJHkQPrQw==",
      "requires": {
        "pareto-core-types": "^0.2.0"
      }
    },
    "pareto-core-lib": {
      "version": "0.7.0",
      "resolved": "https://registry.npmjs.org/pareto-core-lib/-/pareto-core-lib-0.7.0.tgz",
      "integrity": "sha512-IIdjd5B0ebtKC0P09ART4eqVgCFaFiO3KRrZUD0SV8LGwH1iEIz/9d46W3rHSsE1pykK3tU4Gh9Unz4rI4cplg==",
      "requires": {
        "pareto-core-internals": "^0.2.0"
      }
    },
    "pareto-core-raw": {
      "version": "0.2.0",
      "resolved": "https://registry.npmjs.org/pareto-core-raw/-/pareto-core-raw-0.2.0.tgz",
      "integrity": "sha512-wRqlCN2rRxYx9WRv2jMFX85iJj1A5Nr/7cs9cdlId0TBC9ZlFzKoJzki7cI/ov/flowjTKOWZ2Q2jcHqVeqYUw==",
      "requires": {
        "pareto-core-internals": "^0.1.0",
        "pareto-core-types": "^0.2.0"
      },
      "dependencies": {
        "pareto-core-internals": {
          "version": "0.1.0",
          "resolved": "https://registry.npmjs.org/pareto-core-internals/-/pareto-core-internals-0.1.0.tgz",
          "integrity": "sha512-FG4tY7yxtzHer0Y0RlHT20UpdGWabH2zhEF3J80SolAOgHaiVtxHi7rLyDVu4883rd0CyAGEjF7yv5VSDfl12A==",
          "requires": {
            "pareto-core-types": "^0.2.0"
          }
        }
      }
    },
    "pareto-core-types": {
      "version": "0.2.0",
      "resolved": "https://registry.npmjs.org/pareto-core-types/-/pareto-core-types-0.2.0.tgz",
      "integrity": "sha512-XopY0slTv5wAObZu0nOSsz6O86K/peQhVu+bqIBMJRKiewjawmIOqa9e8JHlFyXdMHxa0Ek4zDThWQVkiBCsKQ=="
    }
  }
}
