{
  "name": "res-pareto-diff",
  "version": "0.44.0",
  "lockfileVersion": 3,
  "requires": true,
  "packages": {
    "": {
      "name": "res-pareto-diff",
      "version": "0.44.0",
      "license": "TBD",
      "dependencies": {
        "diff": "^7.0.0",
        "glo-pareto-common": "^0.33.0",
        "pareto-core-internals": "^0.22.2"
      },
      "devDependencies": {
        "@types/diff": "^5.2.2"
      }
    },
    "node_modules/@types/diff": {
      "version": "5.2.2",
      "resolved": "https://registry.npmjs.org/@types/diff/-/diff-5.2.2.tgz",
      "integrity": "sha512-qVqLpd49rmJA2nZzLVsmfS/aiiBpfVE95dHhPVwG0NmSBAt+riPxnj53wq2oBq5m4Q2RF1IWFEUpnZTgrQZfEQ==",
      "dev": true,
      "license": "MIT"
    },
    "node_modules/diff": {
      "version": "7.0.0",
      "resolved": "https://registry.npmjs.org/diff/-/diff-7.0.0.tgz",
      "integrity": "sha512-PJWHUb1RFevKCwaFA9RlG5tCd+FO5iRh9A8HEtkmBH2Li03iJriB6m6JIN4rGz3K3JLawI7/veA1xzRKP6ISBw==",
      "license": "BSD-3-Clause",
      "engines": {
        "node": ">=0.3.1"
      }
    },
    "node_modules/glo-pareto-common": {
      "version": "0.33.0",
      "resolved": "https://registry.npmjs.org/glo-pareto-common/-/glo-pareto-common-0.33.0.tgz",
      "integrity": "sha512-nYqdzHXomIJcPkPxbLkt9Gnoj/YnW4NHTkYxMiEBbqV86uNsGU1nC7gY3vbdlcBLKBSJKUxjmviOjPn+pckCCw==",
      "license": "TBD",
      "dependencies": {
        "pareto-core-types": "^0.16.2"
      }
    },
    "node_modules/pareto-core-internals": {
      "version": "0.22.2",
      "resolved": "https://registry.npmjs.org/pareto-core-internals/-/pareto-core-internals-0.22.2.tgz",
      "integrity": "sha512-Uhg68zKwnmRLdcudNMwQ2BzxNCp4VABxSlG9K4Dha2ICgG/zUWWkksz7RoDWCLMMw5HziGeGa9Q1ckNYSPCS9A==",
      "license": "ISC",
      "dependencies": {
        "pareto-core-types": "^0.16.2"
      }
    },
    "node_modules/pareto-core-types": {
      "version": "0.16.3",
      "resolved": "https://registry.npmjs.org/pareto-core-types/-/pareto-core-types-0.16.3.tgz",
      "integrity": "sha512-dTCdDZ4woGJlQ0yJQ0wWrDt6few0lZMHQ5iBNTI33xQpK7V17QWX/AFTgbKJ3KOSU9Q6DMEi8iuQsXHB5PDnVg==",
      "license": "ISC"
    }
  }
}
